{
  "version": 4,
  "terraform_version": "0.14.0",
  "serial": 4,
  "lineage": "ff65989c-3c89-c052-bca8-47f782096749",
  "outputs": {
    "test": {
      "value": "10.0.0.0/16",
      "type": "string"
    }
  },
  "resources": [
    {
      "module": "module.tf-vpc",
      "mode": "managed",
      "type": "aws_subnet",
      "name": "private_subnet",
      "provider": "module.tf-vpc.provider[\"registry.terraform.io/hashicorp/aws\"]",
      "instances": [
        {
          "schema_version": 1,
          "attributes": {
            "arn": "arn:aws:ec2:us-east-1:368952199929:subnet/subnet-0f8fc9b0c6b0bc31f",
            "assign_ipv6_address_on_creation": false,
            "availability_zone": "us-east-1a",
            "availability_zone_id": "use1-az6",
            "cidr_block": "10.0.2.0/24",
            "id": "subnet-0f8fc9b0c6b0bc31f",
            "ipv6_cidr_block": "",
            "ipv6_cidr_block_association_id": "",
            "map_public_ip_on_launch": false,
            "outpost_arn": "",
            "owner_id": "368952199929",
            "tags": {
              "Name": "terraform-private-subnet-DEV"
            },
            "timeouts": null,
            "vpc_id": "vpc-03d8ddf71cc779066"
          },
          "sensitive_attributes": [],
          "private": "eyJlMmJmYjczMC1lY2FhLTExZTYtOGY4OC0zNDM2M2JjN2M0YzAiOnsiY3JlYXRlIjo2MDAwMDAwMDAwMDAsImRlbGV0ZSI6MTIwMDAwMDAwMDAwMH0sInNjaGVtYV92ZXJzaW9uIjoiMSJ9",
          "dependencies": [
            "module.tf-vpc.aws_vpc.module-vpc"
          ]
        }
      ]
    },
    {
      "module": "module.tf-vpc",
      "mode": "managed",
      "type": "aws_subnet",
      "name": "public_subnet",
      "provider": "module.tf-vpc.provider[\"registry.terraform.io/hashicorp/aws\"]",
      "instances": [
        {
          "schema_version": 1,
          "attributes": {
            "arn": "arn:aws:ec2:us-east-1:368952199929:subnet/subnet-0528ab621a36ac56d",
            "assign_ipv6_address_on_creation": false,
            "availability_zone": "us-east-1c",
            "availability_zone_id": "use1-az2",
            "cidr_block": "10.0.1.0/24",
            "id": "subnet-0528ab621a36ac56d",
            "ipv6_cidr_block": "",
            "ipv6_cidr_block_association_id": "",
            "map_public_ip_on_launch": false,
            "outpost_arn": "",
            "owner_id": "368952199929",
            "tags": {
              "Name": "terraform-public-subnet-DEV"
            },
            "timeouts": null,
            "vpc_id": "vpc-03d8ddf71cc779066"
          },
          "sensitive_attributes": [],
          "private": "eyJlMmJmYjczMC1lY2FhLTExZTYtOGY4OC0zNDM2M2JjN2M0YzAiOnsiY3JlYXRlIjo2MDAwMDAwMDAwMDAsImRlbGV0ZSI6MTIwMDAwMDAwMDAwMH0sInNjaGVtYV92ZXJzaW9uIjoiMSJ9",
          "dependencies": [
            "module.tf-vpc.aws_vpc.module-vpc"
          ]
        }
      ]
    },
    {
      "module": "module.tf-vpc",
      "mode": "managed",
      "type": "aws_vpc",
      "name": "module-vpc",
      "provider": "module.tf-vpc.provider[\"registry.terraform.io/hashicorp/aws\"]",
      "instances": [
        {
          "schema_version": 1,
          "attributes": {
            "arn": "arn:aws:ec2:us-east-1:368952199929:vpc/vpc-03d8ddf71cc779066",
            "assign_generated_ipv6_cidr_block": false,
            "cidr_block": "10.0.0.0/16",
            "default_network_acl_id": "acl-0d4eaa71b14899682",
            "default_route_table_id": "rtb-01b933317265f2285",
            "default_security_group_id": "sg-0935ea9671a8c1868",
            "dhcp_options_id": "dopt-3a51cf40",
            "enable_classiclink": false,
            "enable_classiclink_dns_support": false,
            "enable_dns_hostnames": false,
            "enable_dns_support": true,
            "id": "vpc-03d8ddf71cc779066",
            "instance_tenancy": "default",
            "ipv6_association_id": "",
            "ipv6_cidr_block": "",
            "main_route_table_id": "rtb-01b933317265f2285",
            "owner_id": "368952199929",
            "tags": {
              "Name": "terraform-vpc-DEV"
            }
          },
          "sensitive_attributes": [],
          "private": "eyJzY2hlbWFfdmVyc2lvbiI6IjEifQ=="
        }
      ]
    }
  ]
}
